
Microsoft Visual Studio Solution File, Format Version 12.00
# Visual Studio 15
VisualStudioVersion = 15.0.28307.421
MinimumVisualStudioVersion = 10.0.40219.1
Project("{FAE04EC0-301F-11D3-BF4B-00C04F79EFBC}") = "Webcon Task", "Webcon Task\Webcon Task.csproj", "{DDCE829E-02BA-4428-966C-E1E5356E3F43}"
EndProject
Global
	GlobalSection(SolutionConfigurationPlatforms) = preSolution
		Debug|Any CPU = Debug|Any CPU
		Release|Any CPU = Release|Any CPU
	EndGlobalSection
	GlobalSection(ProjectConfigurationPlatforms) = postSolution
		{DDCE829E-02BA-4428-966C-E1E5356E3F43}.Debug|Any CPU.ActiveCfg = Debug|Any CPU
		{DDCE829E-02BA-4428-966C-E1E5356E3F43}.Debug|Any CPU.Build.0 = Debug|Any CPU
		{DDCE829E-02BA-4428-966C-E1E5356E3F43}.Release|Any CPU.ActiveCfg = Release|Any CPU
		{DDCE829E-02BA-4428-966C-E1E5356E3F43}.Release|Any CPU.Build.0 = Release|Any CPU
	EndGlobalSection
	GlobalSection(SolutionProperties) = preSolution
		HideSolutionNode = FALSE
	EndGlobalSection
	GlobalSection(ExtensibilityGlobals) = postSolution
		SolutionGuid = {9489BB7E-8895-4C94-8C8D-F88444CCEB26}
	EndGlobalSection
EndGlobal
