
Microsoft Visual Studio Solution File, Format Version 12.00
# Visual Studio 15
VisualStudioVersion = 15.0.28307.438
MinimumVisualStudioVersion = 10.0.40219.1
Project("{9A19103F-16F7-4668-BE54-9A1E7A4F7556}") = "Task1PackagesSender", "Task1PackagesSender.csproj", "{26695345-C73C-4CBC-B393-F153CD8C1C68}"
EndProject
Project("{FAE04EC0-301F-11D3-BF4B-00C04F79EFBC}") = "UnitTestProject1", "..\UnitTestProject1\UnitTestProject1.csproj", "{B4B88BA1-EB9F-44C3-A824-27BDC761D127}"
EndProject
Global
	GlobalSection(SolutionConfigurationPlatforms) = preSolution
		Debug|Any CPU = Debug|Any CPU
		Release|Any CPU = Release|Any CPU
	EndGlobalSection
	GlobalSection(ProjectConfigurationPlatforms) = postSolution
		{26695345-C73C-4CBC-B393-F153CD8C1C68}.Debug|Any CPU.ActiveCfg = Debug|Any CPU
		{26695345-C73C-4CBC-B393-F153CD8C1C68}.Debug|Any CPU.Build.0 = Debug|Any CPU
		{26695345-C73C-4CBC-B393-F153CD8C1C68}.Release|Any CPU.ActiveCfg = Release|Any CPU
		{26695345-C73C-4CBC-B393-F153CD8C1C68}.Release|Any CPU.Build.0 = Release|Any CPU
		{B4B88BA1-EB9F-44C3-A824-27BDC761D127}.Debug|Any CPU.ActiveCfg = Debug|Any CPU
		{B4B88BA1-EB9F-44C3-A824-27BDC761D127}.Debug|Any CPU.Build.0 = Debug|Any CPU
		{B4B88BA1-EB9F-44C3-A824-27BDC761D127}.Release|Any CPU.ActiveCfg = Release|Any CPU
		{B4B88BA1-EB9F-44C3-A824-27BDC761D127}.Release|Any CPU.Build.0 = Release|Any CPU
	EndGlobalSection
	GlobalSection(SolutionProperties) = preSolution
		HideSolutionNode = FALSE
	EndGlobalSection
	GlobalSection(ExtensibilityGlobals) = postSolution
		SolutionGuid = {E1F88230-AF51-4121-ACDA-09DA926EBBEE}
	EndGlobalSection
EndGlobal
